dependencies:
- name: traefik
  repository: https://helm.traefik.io/traefik
  version: 10.19.5
- name: home-assistant
  repository: https://k8s-at-home.com/charts/
  version: 13.1.2
- name: mosquitto
  repository: https://k8s-at-home.com/charts/
  version: 4.2.0
- name: influxdb
  repository: https://charts.bitnami.com/bitnami
  version: 3.0.2
- name: telegraf
  repository: https://helm.influxdata.com/
  version: 1.8.10
- name: grafana
  repository: https://grafana.github.io/helm-charts
  version: 6.20.7
- name: nginx
  repository: https://charts.bitnami.com/bitnami
  version: 10.2.1
- name: common
  repository: https://charts.bitnami.com/bitnami
  version: 1.13.1
digest: sha256:18b55ce78613a23c6ecf4654ddd21d4a438cc4eed300b9035413661498d8f838
generated: "2022-05-07T21:55:49.502088598-04:00"
