dependencies:
- name: traefik
  repository: https://helm.traefik.io/traefik
  version: 10.19.5
- name: home-assistant
  repository: https://k8s-at-home.com/charts/
  version: 13.1.2
- name: mosquitto
  repository: https://k8s-at-home.com/charts/
  version: 4.2.0
- name: influxdb
  repository: https://charts.bitnami.com/bitnami
  version: 3.0.2
- name: telegraf
  repository: https://helm.influxdata.com/
  version: 1.8.18
- name: grafana
  repository: https://grafana.github.io/helm-charts
  version: 6.20.7
- name: nginx
  repository: https://charts.bitnami.com/bitnami
  version: 11.1.0
- name: common
  repository: https://charts.bitnami.com/bitnami
  version: 1.14.0
digest: sha256:d8033640a44f6e0cbdd6566fa134cd141ecaedea85543543ef76ff0379a51bda
generated: "2022-05-18T00:21:04.305159661-04:00"
